
Microsoft Visual Studio Solution File, Format Version 12.00
Project("{FAE04EC0-301F-11D3-BF4B-00C04F79EFBC}") = "SentimentSense.App", "SentimentSense.App\SentimentSense.App.csproj", "{59D01A22-5021-4624-9356-38395C6F7CD5}"
EndProject
Project("{FAE04EC0-301F-11D3-BF4B-00C04F79EFBC}") = "SentimentSense.API", "SentimentSense.API\SentimentSense.API.csproj", "{10EE1D09-1943-44F3-91D9-A9B3E5351D90}"
EndProject
Project("{FAE04EC0-301F-11D3-BF4B-00C04F79EFBC}") = "SentimentSense.Models", "SentimentSense.Models\SentimentSense.Models.csproj", "{1C7D21DF-22C0-4B98-BB32-E61EF93F073C}"
EndProject
Global
	GlobalSection(SolutionConfigurationPlatforms) = preSolution
		Debug|Any CPU = Debug|Any CPU
		Release|Any CPU = Release|Any CPU
	EndGlobalSection
	GlobalSection(ProjectConfigurationPlatforms) = postSolution
		{59D01A22-5021-4624-9356-38395C6F7CD5}.Debug|Any CPU.ActiveCfg = Debug|Any CPU
		{59D01A22-5021-4624-9356-38395C6F7CD5}.Debug|Any CPU.Build.0 = Debug|Any CPU
		{59D01A22-5021-4624-9356-38395C6F7CD5}.Release|Any CPU.ActiveCfg = Release|Any CPU
		{59D01A22-5021-4624-9356-38395C6F7CD5}.Release|Any CPU.Build.0 = Release|Any CPU
		{10EE1D09-1943-44F3-91D9-A9B3E5351D90}.Debug|Any CPU.ActiveCfg = Debug|Any CPU
		{10EE1D09-1943-44F3-91D9-A9B3E5351D90}.Debug|Any CPU.Build.0 = Debug|Any CPU
		{10EE1D09-1943-44F3-91D9-A9B3E5351D90}.Release|Any CPU.ActiveCfg = Release|Any CPU
		{10EE1D09-1943-44F3-91D9-A9B3E5351D90}.Release|Any CPU.Build.0 = Release|Any CPU
		{1C7D21DF-22C0-4B98-BB32-E61EF93F073C}.Debug|Any CPU.ActiveCfg = Debug|Any CPU
		{1C7D21DF-22C0-4B98-BB32-E61EF93F073C}.Debug|Any CPU.Build.0 = Debug|Any CPU
		{1C7D21DF-22C0-4B98-BB32-E61EF93F073C}.Release|Any CPU.ActiveCfg = Release|Any CPU
		{1C7D21DF-22C0-4B98-BB32-E61EF93F073C}.Release|Any CPU.Build.0 = Release|Any CPU
	EndGlobalSection
EndGlobal
